
Microsoft Visual Studio Solution File, Format Version 12.00
# Visual Studio Version 17
VisualStudioVersion = 17.14.36518.9
MinimumVisualStudioVersion = 10.0.40219.1
Project("{FAE04EC0-301F-11D3-BF4B-00C04F79EFBC}") = "UseCase", "UseCase\UseCase.csproj", "{5DBBB447-4AE6-4508-9F2B-5FB13CE77BFD}"
EndProject
Project("{FAE04EC0-301F-11D3-BF4B-00C04F79EFBC}") = "TestProject1", "TestProject1\TestProject1.csproj", "{9B03102F-A6EC-40FE-BD72-C1F5439A16F6}"
EndProject
Global
	GlobalSection(SolutionConfigurationPlatforms) = preSolution
		Debug|Any CPU = Debug|Any CPU
		Release|Any CPU = Release|Any CPU
	EndGlobalSection
	GlobalSection(ProjectConfigurationPlatforms) = postSolution
		{5DBBB447-4AE6-4508-9F2B-5FB13CE77BFD}.Debug|Any CPU.ActiveCfg = Debug|Any CPU
		{5DBBB447-4AE6-4508-9F2B-5FB13CE77BFD}.Debug|Any CPU.Build.0 = Debug|Any CPU
		{5DBBB447-4AE6-4508-9F2B-5FB13CE77BFD}.Release|Any CPU.ActiveCfg = Release|Any CPU
		{5DBBB447-4AE6-4508-9F2B-5FB13CE77BFD}.Release|Any CPU.Build.0 = Release|Any CPU
		{9B03102F-A6EC-40FE-BD72-C1F5439A16F6}.Debug|Any CPU.ActiveCfg = Debug|Any CPU
		{9B03102F-A6EC-40FE-BD72-C1F5439A16F6}.Debug|Any CPU.Build.0 = Debug|Any CPU
		{9B03102F-A6EC-40FE-BD72-C1F5439A16F6}.Release|Any CPU.ActiveCfg = Release|Any CPU
		{9B03102F-A6EC-40FE-BD72-C1F5439A16F6}.Release|Any CPU.Build.0 = Release|Any CPU
	EndGlobalSection
	GlobalSection(SolutionProperties) = preSolution
		HideSolutionNode = FALSE
	EndGlobalSection
	GlobalSection(ExtensibilityGlobals) = postSolution
		SolutionGuid = {1A9B779C-994F-433C-B9AF-9E47335383DC}
	EndGlobalSection
EndGlobal
